
Microsoft Visual Studio Solution File, Format Version 12.00
# Visual Studio 15
Project("{FAE04EC0-301F-11D3-BF4B-00C04F79EFBC}") = "UnityEngine.UI", "UnityEngine.UI.csproj", "{C179F366-FFD8-FDB5-EFF1-D04E672BAF93}"
EndProject
Project("{FAE04EC0-301F-11D3-BF4B-00C04F79EFBC}") = "Assembly-CSharp", "Assembly-CSharp.csproj", "{E1CE1FEE-67BE-6533-73AA-CC578BE80DCD}"
EndProject
Project("{FAE04EC0-301F-11D3-BF4B-00C04F79EFBC}") = "UnityEditor.UI", "UnityEditor.UI.csproj", "{209557F7-16C5-81D2-9676-CC793E0D72E5}"
EndProject
Project("{FAE04EC0-301F-11D3-BF4B-00C04F79EFBC}") = "Unity.2D.Sprite.Editor", "Unity.2D.Sprite.Editor.csproj", "{0FDA7281-3C3E-6D0A-EEA5-48E0CAE5FB12}"
EndProject
Project("{FAE04EC0-301F-11D3-BF4B-00C04F79EFBC}") = "Unity.2D.Tilemap.Editor", "Unity.2D.Tilemap.Editor.csproj", "{030AC27C-25A5-E719-42AE-A0BD903014C2}"
EndProject
Project("{FAE04EC0-301F-11D3-BF4B-00C04F79EFBC}") = "UnityEngine.UI", "UnityEngine.UI.Player.csproj", "{E822E837-EA02-B2E5-8463-A257C056EE98}"
EndProject
Project("{FAE04EC0-301F-11D3-BF4B-00C04F79EFBC}") = "Assembly-CSharp", "Assembly-CSharp.Player.csproj", "{BB33860C-FC84-FB00-B1D4-EBEFA97C68DB}"
EndProject
Global
	GlobalSection(SolutionConfigurationPlatforms) = preSolution
		Debug|Any CPU = Debug|Any CPU
		Release|Any CPU = Release|Any CPU
	EndGlobalSection
	GlobalSection(ProjectConfigurationPlatforms) = postSolution
		{C179F366-FFD8-FDB5-EFF1-D04E672BAF93}.Debug|Any CPU.ActiveCfg = Debug|Any CPU
		{C179F366-FFD8-FDB5-EFF1-D04E672BAF93}.Debug|Any CPU.Build.0 = Debug|Any CPU
		{C179F366-FFD8-FDB5-EFF1-D04E672BAF93}.Release|Any CPU.ActiveCfg = Release|Any CPU
		{C179F366-FFD8-FDB5-EFF1-D04E672BAF93}.Release|Any CPU.Build.0 = Release|Any CPU
		{E1CE1FEE-67BE-6533-73AA-CC578BE80DCD}.Debug|Any CPU.ActiveCfg = Debug|Any CPU
		{E1CE1FEE-67BE-6533-73AA-CC578BE80DCD}.Debug|Any CPU.Build.0 = Debug|Any CPU
		{E1CE1FEE-67BE-6533-73AA-CC578BE80DCD}.Release|Any CPU.ActiveCfg = Release|Any CPU
		{E1CE1FEE-67BE-6533-73AA-CC578BE80DCD}.Release|Any CPU.Build.0 = Release|Any CPU
		{209557F7-16C5-81D2-9676-CC793E0D72E5}.Debug|Any CPU.ActiveCfg = Debug|Any CPU
		{209557F7-16C5-81D2-9676-CC793E0D72E5}.Debug|Any CPU.Build.0 = Debug|Any CPU
		{209557F7-16C5-81D2-9676-CC793E0D72E5}.Release|Any CPU.ActiveCfg = Release|Any CPU
		{209557F7-16C5-81D2-9676-CC793E0D72E5}.Release|Any CPU.Build.0 = Release|Any CPU
		{0FDA7281-3C3E-6D0A-EEA5-48E0CAE5FB12}.Debug|Any CPU.ActiveCfg = Debug|Any CPU
		{0FDA7281-3C3E-6D0A-EEA5-48E0CAE5FB12}.Debug|Any CPU.Build.0 = Debug|Any CPU
		{0FDA7281-3C3E-6D0A-EEA5-48E0CAE5FB12}.Release|Any CPU.ActiveCfg = Release|Any CPU
		{0FDA7281-3C3E-6D0A-EEA5-48E0CAE5FB12}.Release|Any CPU.Build.0 = Release|Any CPU
		{030AC27C-25A5-E719-42AE-A0BD903014C2}.Debug|Any CPU.ActiveCfg = Debug|Any CPU
		{030AC27C-25A5-E719-42AE-A0BD903014C2}.Debug|Any CPU.Build.0 = Debug|Any CPU
		{030AC27C-25A5-E719-42AE-A0BD903014C2}.Release|Any CPU.ActiveCfg = Release|Any CPU
		{030AC27C-25A5-E719-42AE-A0BD903014C2}.Release|Any CPU.Build.0 = Release|Any CPU
		{E822E837-EA02-B2E5-8463-A257C056EE98}.Debug|Any CPU.ActiveCfg = Debug|Any CPU
		{E822E837-EA02-B2E5-8463-A257C056EE98}.Debug|Any CPU.Build.0 = Debug|Any CPU
		{E822E837-EA02-B2E5-8463-A257C056EE98}.Release|Any CPU.ActiveCfg = Release|Any CPU
		{E822E837-EA02-B2E5-8463-A257C056EE98}.Release|Any CPU.Build.0 = Release|Any CPU
		{BB33860C-FC84-FB00-B1D4-EBEFA97C68DB}.Debug|Any CPU.ActiveCfg = Debug|Any CPU
		{BB33860C-FC84-FB00-B1D4-EBEFA97C68DB}.Debug|Any CPU.Build.0 = Debug|Any CPU
		{BB33860C-FC84-FB00-B1D4-EBEFA97C68DB}.Release|Any CPU.ActiveCfg = Release|Any CPU
		{BB33860C-FC84-FB00-B1D4-EBEFA97C68DB}.Release|Any CPU.Build.0 = Release|Any CPU
	EndGlobalSection
	GlobalSection(SolutionProperties) = preSolution
		HideSolutionNode = FALSE
	EndGlobalSection
EndGlobal
